# THIS IS AN AUTOGENERATED FILE. DO NOT EDIT THIS FILE DIRECTLY.
# yarn lockfile v1


"@msgpack/msgpack@^2.8.0":
  "integrity" "sha512-h9u4u/jiIRKbq25PM+zymTyW6bhTzELvOoUd+AvYriWOAKpLGnIamaET3pnHYoI5iYphAHBI4ayx0MehR+VVPQ=="
  "resolved" "https://registry.npmjs.org/@msgpack/msgpack/-/msgpack-2.8.0.tgz"
  "version" "2.8.0"

"@types/node@^18.11.17":
  "integrity" "sha512-HJSUJmni4BeDHhfzn6nF0sVmd1SMezP7/4F0Lq+aXzmp2xm9O7WXrUtHW/CHlYVtZUbByEvWidHqRtcJXGF2Ng=="
  "resolved" "https://registry.npmjs.org/@types/node/-/node-18.11.17.tgz"
  "version" "18.11.17"

"axios@^0.26.0":
  "integrity" "sha512-lKoGLMYtHvFrPVt3r+RBMp9nh34N0M8zEfCWqdWZx6phynIEhQqAdydpyBAAG211zlhX9Rgu08cOamy6XjE5Og=="
  "resolved" "https://registry.npmjs.org/axios/-/axios-0.26.0.tgz"
  "version" "0.26.0"
  dependencies:
    "follow-redirects" "^1.14.8"

"follow-redirects@^1.14.8":
  "integrity" "sha512-MQDfihBQYMcyy5dhRDJUHcw7lb2Pv/TuE6xP1vyraLukNDHKbDxDNaOE3NbCAdKQApno+GPRyo1YAp89yCjK4w=="
  "resolved" "https://registry.npmjs.org/follow-redirects/-/follow-redirects-1.14.9.tgz"
  "version" "1.14.9"

"speaker@file:../../AppData/Roaming/npm/node_modules/speaker":
  "resolved" "file:../../AppData/Roaming/npm/node_modules/speaker"
  "version" "0.5.4"
  dependencies:
    "bindings" "^1.3.0"
    "buffer-alloc" "^1.1.0"
    "debug" "^4.0.0"

"typescript@^4.9.4":
  "integrity" "sha512-Uz+dTXYzxXXbsFpM86Wh3dKCxrQqUcVMxwU54orwlJjOpO3ao8L7j5lH+dWfTwgCwIuM9GQ2kvVotzYJMXTBZg=="
  "resolved" "https://registry.npmjs.org/typescript/-/typescript-4.9.4.tgz"
  "version" "4.9.4"
